
Microsoft Visual Studio Solution File, Format Version 12.00
# Visual Studio 2013
VisualStudioVersion = 12.0.30110.0
MinimumVisualStudioVersion = 10.0.40219.1
Project("{FAE04EC0-301F-11D3-BF4B-00C04F79EFBC}") = "HttpHandlerInjection", "HttpHandlerInjection\HttpHandlerInjection.csproj", "{76EAF580-4417-4FF7-B2AD-65B990F1E32D}"
EndProject
Project("{FAE04EC0-301F-11D3-BF4B-00C04F79EFBC}") = "HandlerTests", "HandlerTests\HandlerTests.csproj", "{37DD1143-F284-46DD-A52F-DAB1A440F6D9}"
EndProject
Global
	GlobalSection(SolutionConfigurationPlatforms) = preSolution
		Debug|Any CPU = Debug|Any CPU
		Release|Any CPU = Release|Any CPU
	EndGlobalSection
	GlobalSection(ProjectConfigurationPlatforms) = postSolution
		{76EAF580-4417-4FF7-B2AD-65B990F1E32D}.Debug|Any CPU.ActiveCfg = Debug|Any CPU
		{76EAF580-4417-4FF7-B2AD-65B990F1E32D}.Debug|Any CPU.Build.0 = Debug|Any CPU
		{76EAF580-4417-4FF7-B2AD-65B990F1E32D}.Release|Any CPU.ActiveCfg = Release|Any CPU
		{76EAF580-4417-4FF7-B2AD-65B990F1E32D}.Release|Any CPU.Build.0 = Release|Any CPU
		{37DD1143-F284-46DD-A52F-DAB1A440F6D9}.Debug|Any CPU.ActiveCfg = Debug|Any CPU
		{37DD1143-F284-46DD-A52F-DAB1A440F6D9}.Debug|Any CPU.Build.0 = Debug|Any CPU
		{37DD1143-F284-46DD-A52F-DAB1A440F6D9}.Release|Any CPU.ActiveCfg = Release|Any CPU
		{37DD1143-F284-46DD-A52F-DAB1A440F6D9}.Release|Any CPU.Build.0 = Release|Any CPU
	EndGlobalSection
	GlobalSection(SolutionProperties) = preSolution
		HideSolutionNode = FALSE
	EndGlobalSection
EndGlobal
